{
  "name": "bitcoin",
  "version": "1.0.0",
  "lockfileVersion": 1,
  "requires": true,
  "dependencies": {
    "colors": {
      "version": "1.3.0",
      "resolved": "https://registry.npmjs.org/colors/-/colors-1.3.0.tgz",
      "integrity": "sha512-EDpX3a7wHMWFA7PUHWPHNWqOxIIRSJetuwl0AS5Oi/5FMV8kWm69RTlgm00GKjBO1xFHMtBbL49yRtMMdticBw=="
    },
    "commander": {
      "version": "2.15.1",
      "resolved": "https://registry.npmjs.org/commander/-/commander-2.15.1.tgz",
      "integrity": "sha512-VlfT9F3V0v+jr4yxPc5gg9s62/fIVWsd2Bk2iD435um1NlGMYdVCq+MjcXnhYq2icNOizHr1kK+5TI6H0Hy0ag=="
    },
    "sha-256-js": {
      "version": "1.0.3",
      "resolved": "https://registry.npmjs.org/sha-256-js/-/sha-256-js-1.0.3.tgz",
      "integrity": "sha512-r7WJshYe4LBH+dZTeF89kdWiV9/PId1XfkTbldWLsqmfz1bfY8lTYFlzlngA1blnkkZypGOBR++xJMhm/IuVdg==",
      "requires": {
        "colors": "1.3.0",
        "commander": "2.15.1",
        "utf8": "2.1.2"
      }
    },
    "utf8": {
      "version": "2.1.2",
      "resolved": "https://registry.npmjs.org/utf8/-/utf8-2.1.2.tgz",
      "integrity": "sha1-H6DZJw6b6FDZsFAn9jUZv0ZFfZY="
    }
  }
}
